dependencies:
- name: postgresql
  repository: oci://registry-1.docker.io/bitnamicharts
  version: 18.11.5
- name: redis
  repository: oci://registry-1.docker.io/bitnamicharts
  version: 24.0.0
- name: tfy-sandbox-server
  repository: oci://tfy.jfrog.io/tfy-helm
  version: 0.3.3
digest: sha256:f44535d1c63fe295dd8f0f07f1a696c95fbc2fdef3dcb346f43ec1a52a24ec97
generated: "2026-09-19T21:24:42.104421002Z"
